klin lock 1
github/klin-lang/eventloop v0.2.0 636791325067edabe824c2344e4abba83a789181 sha256:0567b6c94d1f5efa46beb27b6df909a47e6a4c908871f4a11817a313d1deaaea
github/klin-lang/klin_freertos v0.2.0 f4c388c975451b021f35fd867f740ac3d31cd8c5 sha256:be0e19dd7fc76d9db5b4a057e0dbd31d1ee9218d98d0c2352de3844df96f8d90
