klin lock 1
github/klin-lang/eventloop v0.3.0 72116978887e595119e3bcdf6da242c9c4d4f9a4 sha256:304600e16293b441dc94f34c9d5013c8d09f4befe9669b35f3650650a6552faf
github/klin-lang/klin_freertos v0.2.0 f4c388c975451b021f35fd867f740ac3d31cd8c5 sha256:be0e19dd7fc76d9db5b4a057e0dbd31d1ee9218d98d0c2352de3844df96f8d90
